
Microsoft Visual Studio Solution File, Format Version 12.00
# Visual Studio 15
VisualStudioVersion = 15.0.28307.572
MinimumVisualStudioVersion = 10.0.40219.1
Project("{FAE04EC0-301F-11D3-BF4B-00C04F79EFBC}") = "War.NET", "War.NET.csproj", "{FE498D5F-2D8E-408F-9ADC-84AEE02B26C6}"
EndProject
Project("{FAE04EC0-301F-11D3-BF4B-00C04F79EFBC}") = "War.NET.Tests", "..\War.NET.Tests\War.NET.Tests.csproj", "{B298E088-E399-468C-92FE-B914B6FA9FE4}"
EndProject
Global
	GlobalSection(SolutionConfigurationPlatforms) = preSolution
		Debug|Any CPU = Debug|Any CPU
		Release|Any CPU = Release|Any CPU
	EndGlobalSection
	GlobalSection(ProjectConfigurationPlatforms) = postSolution
		{FE498D5F-2D8E-408F-9ADC-84AEE02B26C6}.Debug|Any CPU.ActiveCfg = Debug|Any CPU
		{FE498D5F-2D8E-408F-9ADC-84AEE02B26C6}.Debug|Any CPU.Build.0 = Debug|Any CPU
		{FE498D5F-2D8E-408F-9ADC-84AEE02B26C6}.Release|Any CPU.ActiveCfg = Release|Any CPU
		{FE498D5F-2D8E-408F-9ADC-84AEE02B26C6}.Release|Any CPU.Build.0 = Release|Any CPU
		{B298E088-E399-468C-92FE-B914B6FA9FE4}.Debug|Any CPU.ActiveCfg = Debug|Any CPU
		{B298E088-E399-468C-92FE-B914B6FA9FE4}.Debug|Any CPU.Build.0 = Debug|Any CPU
		{B298E088-E399-468C-92FE-B914B6FA9FE4}.Release|Any CPU.ActiveCfg = Release|Any CPU
		{B298E088-E399-468C-92FE-B914B6FA9FE4}.Release|Any CPU.Build.0 = Release|Any CPU
	EndGlobalSection
	GlobalSection(SolutionProperties) = preSolution
		HideSolutionNode = FALSE
	EndGlobalSection
	GlobalSection(ExtensibilityGlobals) = postSolution
		SolutionGuid = {CFB6CA44-7398-45A7-8100-7902EA2DE674}
	EndGlobalSection
EndGlobal
